// !$*UTF8*$!
{
	archiveVersion = 1;
	classes = {
	};
	objectVersion = 56;
	objects = {

/* Begin PBXBuildFile section */
		DB19C7C62AB2EA3300AF6F67 /* AppDelegate.swift in Sources */ = {isa = PBXBuildFile; fileRef = DB19C7C52AB2EA3300AF6F67 /* AppDelegate.swift */; };
		DB19C7C82AB2EA3300AF6F67 /* SceneDelegate.swift in Sources */ = {isa = PBXBuildFile; fileRef = DB19C7C72AB2EA3300AF6F67 /* SceneDelegate.swift */; };
		DB19C7CA2AB2EA3300AF6F67 /* ViewController.swift in Sources */ = {isa = PBXBuildFile; fileRef = DB19C7C92AB2EA3300AF6F67 /* ViewController.swift */; };
		DB19C7CF2AB2EA3400AF6F67 /* Assets.xcassets in Resources */ = {isa = PBXBuildFile; fileRef = DB19C7CE2AB2EA3400AF6F67 /* Assets.xcassets */; };
		DB19C7D22AB2EA3400AF6F67 /* LaunchScreen.storyboard in Resources */ = {isa = PBXBuildFile; fileRef = DB19C7D02AB2EA3400AF6F67 /* LaunchScreen.storyboard */; };
		DB19C7DD2AB2EA3400AF6F67 /* ExamMateTests.swift in Sources */ = {isa = PBXBuildFile; fileRef = DB19C7DC2AB2EA3400AF6F67 /* ExamMateTests.swift */; };
		DB19C7E72AB2EA3400AF6F67 /* ExamMateUITests.swift in Sources */ = {isa = PBXBuildFile; fileRef = DB19C7E62AB2EA3400AF6F67 /* ExamMateUITests.swift */; };
		DB19C7E92AB2EA3400AF6F67 /* ExamMateUITestsLaunchTests.swift in Sources */ = {isa = PBXBuildFile; fileRef = DB19C7E82AB2EA3400AF6F67 /* ExamMateUITestsLaunchTests.swift */; };
/* End PBXBuildFile section */

/* Begin PBXContainerItemProxy section */
		DB19C7D92AB2EA3400AF6F67 /* PBXContainerItemProxy */ = {
			isa = PBXContainerItemProxy;
			containerPortal = DB19C7BA2AB2EA3300AF6F67 /* Project object */;
			proxyType = 1;
			remoteGlobalIDString = DB19C7C12AB2EA3300AF6F67;
			remoteInfo = ExamMate;
		};
		DB19C7E32AB2EA3400AF6F67 /* PBXContainerItemProxy */ = {
			isa = PBXContainerItemProxy;
			containerPortal = DB19C7BA2AB2EA3300AF6F67 /* Project object */;
			proxyType = 1;
			remoteGlobalIDString = DB19C7C12AB2EA3300AF6F67;
			remoteInfo = ExamMate;
		};
/* End PBXContainerItemProxy section */

/* Begin PBXFileReference section */
		DB19C7C22AB2EA3300AF6F67 /* ExamMate.app */ = {isa = PBXFileReference; explicitFileType = wrapper.application; includeInIndex = 0; path = ExamMate.app; sourceTree = BUILT_PRODUCTS_DIR; };
		DB19C7C52AB2EA3300AF6F67 /* AppDelegate.swift */ = {isa = PBXFileReference; lastKnownFileType = sourcecode.swift; path = AppDelegate.swift; sourceTree = "<group>"; };
		DB19C7C72AB2EA3300AF6F67 /* SceneDelegate.swift */ = {isa = PBXFileReference; lastKnownFileType = sourcecode.swift; path = SceneDelegate.swift; sourceTree = "<group>"; };
		DB19C7C92AB2EA3300AF6F67 /* ViewController.swift */ = {isa = PBXFileReference; lastKnownFileType = sourcecode.swift; path = ViewController.swift; sourceTree = "<group>"; };
		DB19C7CE2AB2EA3400AF6F67 /* Assets.xcassets */ = {isa = PBXFileReference; lastKnownFileType = folder.assetcatalog; path = Assets.xcassets; sourceTree = "<group>"; };
		DB19C7D12AB2EA3400AF6F67 /* Base */ = {isa = PBXFileReference; lastKnownFileType = file.storyboard; name = Base; path = Base.lproj/LaunchScreen.storyboard; sourceTree = "<group>"; };
		DB19C7D32AB2EA3400AF6F67 /* Info.plist */ = {isa = PBXFileReference; lastKnownFileType = text.plist.xml; path = Info.plist; sourceTree = "<group>"; };
		DB19C7D82AB2EA3400AF6F67 /* ExamMateTests.xctest */ = {isa = PBXFileReference; explicitFileType = wrapper.cfbundle; includeInIndex = 0; path = ExamMateTests.xctest; sourceTree = BUILT_PRODUCTS_DIR; };
		DB19C7DC2AB2EA3400AF6F67 /* ExamMateTests.swift */ = {isa = PBXFileReference; lastKnownFileType = sourcecode.swift; path = ExamMateTests.swift; sourceTree = "<group>"; };
		DB19C7E22AB2EA3400AF6F67 /* ExamMateUITests.xctest */ = {isa = PBXFileReference; explicitFileType = wrapper.cfbundle; includeInIndex = 0; path = ExamMateUITests.xctest; sourceTree = BUILT_PRODUCTS_DIR; };
		DB19C7E62AB2EA3400AF6F67 /* ExamMateUITests.swift */ = {isa = PBXFileReference; lastKnownFileType = sourcecode.swift; path = ExamMateUITests.swift; sourceTree = "<group>"; };
		DB19C7E82AB2EA3400AF6F67 /* ExamMateUITestsLaunchTests.swift */ = {isa = PBXFileReference; lastKnownFileType = sourcecode.swift; path = ExamMateUITestsLaunchTests.swift; sourceTree = "<group>"; };
/* End PBXFileReference section */

/* Begin PBXFrameworksBuildPhase section */
		DB19C7BF2AB2EA3300AF6F67 /* Frameworks */ = {
			isa = PBXFrameworksBuildPhase;
			buildActionMask = 2147483647;
			files = (
			);
			runOnlyForDeploymentPostprocessing = 0;
		};
		DB19C7D52AB2EA3400AF6F67 /* Frameworks */ = {
			isa = PBXFrameworksBuildPhase;
			buildActionMask = 2147483647;
			files = (
			);
			runOnlyForDeploymentPostprocessing = 0;
		};
		DB19C7DF2AB2EA3400AF6F67 /* Frameworks */ = {
			isa = PBXFrameworksBuildPhase;
			buildActionMask = 2147483647;
			files = (
			);
			runOnlyForDeploymentPostprocessing = 0;
		};
/* End PBXFrameworksBuildPhase section */

/* Begin PBXGroup section */
		DB19C7B92AB2EA3300AF6F67 = {
			isa = PBXGroup;
			children = (
				DB19C7C42AB2EA3300AF6F67 /* ExamMate */,
				DB19C7DB2AB2EA3400AF6F67 /* ExamMateTests */,
				DB19C7E52AB2EA3400AF6F67 /* ExamMateUITests */,
				DB19C7C32AB2EA3300AF6F67 /* Products */,
			);
			sourceTree = "<group>";
		};
		DB19C7C32AB2EA3300AF6F67 /* Products */ = {
			isa = PBXGroup;
			children = (
				DB19C7C22AB2EA3300AF6F67 /* ExamMate.app */,
				DB19C7D82AB2EA3400AF6F67 /* ExamMateTests.xctest */,
				DB19C7E22AB2EA3400AF6F67 /* ExamMateUITests.xctest */,
			);
			name = Products;
			sourceTree = "<group>";
		};
		DB19C7C42AB2EA3300AF6F67 /* ExamMate */ = {
			isa = PBXGroup;
			children = (
				DB19C7C52AB2EA3300AF6F67 /* AppDelegate.swift */,
				DB19C7C72AB2EA3300AF6F67 /* SceneDelegate.swift */,
				DB19C7C92AB2EA3300AF6F67 /* ViewController.swift */,
				DB19C7CE2AB2EA3400AF6F67 /* Assets.xcassets */,
				DB19C7D02AB2EA3400AF6F67 /* LaunchScreen.storyboard */,
				DB19C7D32AB2EA3400AF6F67 /* Info.plist */,
			);
			path = ExamMate;
			sourceTree = "<group>";
		};
		DB19C7DB2AB2EA3400AF6F67 /* ExamMateTests */ = {
			isa = PBXGroup;
			children = (
				DB19C7DC2AB2EA3400AF6F67 /* ExamMateTests.swift */,
			);
			path = ExamMateTests;
			sourceTree = "<group>";
		};
		DB19C7E52AB2EA3400AF6F67 /* ExamMateUITests */ = {
			isa = PBXGroup;
			children = (
				DB19C7E62AB2EA3400AF6F67 /* ExamMateUITests.swift */,
				DB19C7E82AB2EA3400AF6F67 /* ExamMateUITestsLaunchTests.swift */,
			);
			path = ExamMateUITests;
			sourceTree = "<group>";
		};
/* End PBXGroup section */

/* Begin PBXNativeTarget section */
		DB19C7C12AB2EA3300AF6F67 /* ExamMate */ = {
			isa = PBXNativeTarget;
			buildConfigurationList = DB19C7EC2AB2EA3400AF6F67 /* Build configuration list for PBXNativeTarget "ExamMate" */;
			buildPhases = (
				DB19C7BE2AB2EA3300AF6F67 /* Sources */,
				DB19C7BF2AB2EA3300AF6F67 /* Frameworks */,
				DB19C7C02AB2EA3300AF6F67 /* Resources */,
			);
			buildRules = (
			);
			dependencies = (
			);
			name = ExamMate;
			productName = ExamMate;
			productReference = DB19C7C22AB2EA3300AF6F67 /* ExamMate.app */;
			productType = "com.apple.product-type.application";
		};
		DB19C7D72AB2EA3400AF6F67 /* ExamMateTests */ = {
			isa = PBXNativeTarget;
			buildConfigurationList = DB19C7EF2AB2EA3400AF6F67 /* Build configuration list for PBXNativeTarget "ExamMateTests" */;
			buildPhases = (
				DB19C7D42AB2EA3400AF6F67 /* Sources */,
				DB19C7D52AB2EA3400AF6F67 /* Frameworks */,
				DB19C7D62AB2EA3400AF6F67 /* Resources */,
			);
			buildRules = (
			);
			dependencies = (
				DB19C7DA2AB2EA3400AF6F67 /* PBXTargetDependency */,
			);
			name = ExamMateTests;
			productName = ExamMateTests;
			productReference = DB19C7D82AB2EA3400AF6F67 /* ExamMateTests.xctest */;
			productType = "com.apple.product-type.bundle.unit-test";
		};
		DB19C7E12AB2EA3400AF6F67 /* ExamMateUITests */ = {
			isa = PBXNativeTarget;
			buildConfigurationList = DB19C7F22AB2EA3400AF6F67 /* Build configuration list for PBXNativeTarget "ExamMateUITests" */;
			buildPhases = (
				DB19C7DE2AB2EA3400AF6F67 /* Sources */,
				DB19C7DF2AB2EA3400AF6F67 /* Frameworks */,
				DB19C7E02AB2EA3400AF6F67 /* Resources */,
			);
			buildRules = (
			);
			dependencies = (
				DB19C7E42AB2EA3400AF6F67 /* PBXTargetDependency */,
			);
			name = ExamMateUITests;
			productName = ExamMateUITests;
			productReference = DB19C7E22AB2EA3400AF6F67 /* ExamMateUITests.xctest */;
			productType = "com.apple.product-type.bundle.ui-testing";
		};
/* End PBXNativeTarget section */

/* Begin PBXProject section */
		DB19C7BA2AB2EA3300AF6F67 /* Project object */ = {
			isa = PBXProject;
			attributes = {
				BuildIndependentTargetsInParallel = 1;
				LastSwiftUpdateCheck = 1420;
				LastUpgradeCheck = 1420;
				TargetAttributes = {
					DB19C7C12AB2EA3300AF6F67 = {
						CreatedOnToolsVersion = 14.2;
					};
					DB19C7D72AB2EA3400AF6F67 = {
						CreatedOnToolsVersion = 14.2;
						TestTargetID = DB19C7C12AB2EA3300AF6F67;
					};
					DB19C7E12AB2EA3400AF6F67 = {
						CreatedOnToolsVersion = 14.2;
						TestTargetID = DB19C7C12AB2EA3300AF6F67;
					};
				};
			};
			buildConfigurationList = DB19C7BD2AB2EA3300AF6F67 /* Build configuration list for PBXProject "ExamMate" */;
			compatibilityVersion = "Xcode 14.0";
			developmentRegion = en;
			hasScannedForEncodings = 0;
			knownRegions = (
				en,
				Base,
			);
			mainGroup = DB19C7B92AB2EA3300AF6F67;
			productRefGroup = DB19C7C32AB2EA3300AF6F67 /* Products */;
			projectDirPath = "";
			projectRoot = "";
			targets = (
				DB19C7C12AB2EA3300AF6F67 /* ExamMate */,
				DB19C7D72AB2EA3400AF6F67 /* ExamMateTests */,
				DB19C7E12AB2EA3400AF6F67 /* ExamMateUITests */,
			);
		};
/* End PBXProject section */

/* Begin PBXResourcesBuildPhase section */
		DB19C7C02AB2EA3300AF6F67 /* Resources */ = {
			isa = PBXResourcesBuildPhase;
			buildActionMask = 2147483647;
			files = (
				DB19C7D22AB2EA3400AF6F67 /* LaunchScreen.storyboard in Resources */,
				DB19C7CF2AB2EA3400AF6F67 /* Assets.xcassets in Resources */,
			);
			runOnlyForDeploymentPostprocessing = 0;
		};
		DB19C7D62AB2EA3400AF6F67 /* Resources */ = {
			isa = PBXResourcesBuildPhase;
			buildActionMask = 2147483647;
			files = (
			);
			runOnlyForDeploymentPostprocessing = 0;
		};
		DB19C7E02AB2EA3400AF6F67 /* Resources */ = {
			isa = PBXResourcesBuildPhase;
			buildActionMask = 2147483647;
			files = (
			);
			runOnlyForDeploymentPostprocessing = 0;
		};
/* End PBXResourcesBuildPhase section */

/* Begin PBXSourcesBuildPhase section */
		DB19C7BE2AB2EA3300AF6F67 /* Sources */ = {
			isa = PBXSourcesBuildPhase;
			buildActionMask = 2147483647;
			files = (
				DB19C7CA2AB2EA3300AF6F67 /* ViewController.swift in Sources */,
				DB19C7C62AB2EA3300AF6F67 /* AppDelegate.swift in Sources */,
				DB19C7C82AB2EA3300AF6F67 /* SceneDelegate.swift in Sources */,
			);
			runOnlyForDeploymentPostprocessing = 0;
		};
		DB19C7D42AB2EA3400AF6F67 /* Sources */ = {
			isa = PBXSourcesBuildPhase;
			buildActionMask = 2147483647;
			files = (
				DB19C7DD2AB2EA3400AF6F67 /* ExamMateTests.swift in Sources */,
			);
			runOnlyForDeploymentPostprocessing = 0;
		};
		DB19C7DE2AB2EA3400AF6F67 /* Sources */ = {
			isa = PBXSourcesBuildPhase;
			buildActionMask = 2147483647;
			files = (
				DB19C7E92AB2EA3400AF6F67 /* ExamMateUITestsLaunchTests.swift in Sources */,
				DB19C7E72AB2EA3400AF6F67 /* ExamMateUITests.swift in Sources */,
			);
			runOnlyForDeploymentPostprocessing = 0;
		};
/* End PBXSourcesBuildPhase section */

/* Begin PBXTargetDependency section */
		DB19C7DA2AB2EA3400AF6F67 /* PBXTargetDependency */ = {
			isa = PBXTargetDependency;
			target = DB19C7C12AB2EA3300AF6F67 /* ExamMate */;
			targetProxy = DB19C7D92AB2EA3400AF6F67 /* PBXContainerItemProxy */;
		};
		DB19C7E42AB2EA3400AF6F67 /* PBXTargetDependency */ = {
			isa = PBXTargetDependency;
			target = DB19C7C12AB2EA3300AF6F67 /* ExamMate */;
			targetProxy = DB19C7E32AB2EA3400AF6F67 /* PBXContainerItemProxy */;
		};
/* End PBXTargetDependency section */

/* Begin PBXVariantGroup section */
		DB19C7D02AB2EA3400AF6F67 /* LaunchScreen.storyboard */ = {
			isa = PBXVariantGroup;
			children = (
				DB19C7D12AB2EA3400AF6F67 /* Base */,
			);
			name = LaunchScreen.storyboard;
			sourceTree = "<group>";
		};
/* End PBXVariantGroup section */

/* Begin XCBuildConfiguration section */
		DB19C7EA2AB2EA3400AF6F67 /* Debug */ = {
			isa = XCBuildConfiguration;
			buildSettings = {
				ALWAYS_SEARCH_USER_PATHS = NO;
				CLANG_ANALYZER_NONNULL = YES;
				CLANG_ANALYZER_NUMBER_OBJECT_CONVERSION = YES_AGGRESSIVE;
				CLANG_CXX_LANGUAGE_STANDARD = "gnu++20";
				CLANG_ENABLE_MODULES = YES;
				CLANG_ENABLE_OBJC_ARC = YES;
				CLANG_ENABLE_OBJC_WEAK = YES;
				CLANG_WARN_BLOCK_CAPTURE_AUTORELEASING = YES;
				CLANG_WARN_BOOL_CONVERSION = YES;
				CLANG_WARN_COMMA = YES;
				CLANG_WARN_CONSTANT_CONVERSION = YES;
				CLANG_WARN_DEPRECATED_OBJC_IMPLEMENTATIONS = YES;
				CLANG_WARN_DIRECT_OBJC_ISA_USAGE = YES_ERROR;
				CLANG_WARN_DOCUMENTATION_COMMENTS = YES;
				CLANG_WARN_EMPTY_BODY = YES;
				CLANG_WARN_ENUM_CONVERSION = YES;
				CLANG_WARN_INFINITE_RECURSION = YES;
				CLANG_WARN_INT_CONVERSION = YES;
				CLANG_WARN_NON_LITERAL_NULL_CONVERSION = YES;
				CLANG_WARN_OBJC_IMPLICIT_RETAIN_SELF = YES;
				CLANG_WARN_OBJC_LITERAL_CONVERSION = YES;
				CLANG_WARN_OBJC_ROOT_CLASS = YES_ERROR;
				CLANG_WARN_QUOTED_INCLUDE_IN_FRAMEWORK_HEADER = YES;
				CLANG_WARN_RANGE_LOOP_ANALYSIS = YES;
				CLANG_WARN_STRICT_PROTOTYPES = YES;
				CLANG_WARN_SUSPICIOUS_MOVE = YES;
				CLANG_WARN_UNGUARDED_AVAILABILITY = YES_AGGRESSIVE;
				CLANG_WARN_UNREACHABLE_CODE = YES;
				CLANG_WARN__DUPLICATE_METHOD_MATCH = YES;
				COPY_PHASE_STRIP = NO;
				DEBUG_INFORMATION_FORMAT = dwarf;
				ENABLE_STRICT_OBJC_MSGSEND = YES;
				ENABLE_TESTABILITY = YES;
				GCC_C_LANGUAGE_STANDARD = gnu11;
				GCC_DYNAMIC_NO_PIC = NO;
				GCC_NO_COMMON_BLOCKS = YES;
				GCC_OPTIMIZATION_LEVEL = 0;
				GCC_PREPROCESSOR_DEFINITIONS = (
					"DEBUG=1",
					"$(inherited)",
				);
				GCC_WARN_64_TO_32_BIT_CONVERSION = YES;
				GCC_WARN_ABOUT_RETURN_TYPE = YES_ERROR;
				GCC_WARN_UNDECLARED_SELECTOR = YES;
				GCC_WARN_UNINITIALIZED_AUTOS = YES_AGGRESSIVE;
				GCC_WARN_UNUSED_FUNCTION = YES;
				GCC_WARN_UNUSED_VARIABLE = YES;
				IPHONEOS_DEPLOYMENT_TARGET = 16.2;
				MTL_ENABLE_DEBUG_INFO = INCLUDE_SOURCE;
				MTL_FAST_MATH = YES;
				ONLY_ACTIVE_ARCH = YES;
				SDKROOT = iphoneos;
				SWIFT_ACTIVE_COMPILATION_CONDITIONS = DEBUG;
				SWIFT_OPTIMIZATION_LEVEL = "-Onone";
			};
			name = Debug;
		};
		DB19C7EB2AB2EA3400AF6F67 /* Release */ = {
			isa = XCBuildConfiguration;
			buildSettings = {
				ALWAYS_SEARCH_USER_PATHS = NO;
				CLANG_ANALYZER_NONNULL = YES;
				CLANG_ANALYZER_NUMBER_OBJECT_CONVERSION = YES_AGGRESSIVE;
				CLANG_CXX_LANGUAGE_STANDARD = "gnu++20";
				CLANG_ENABLE_MODULES = YES;
				CLANG_ENABLE_OBJC_ARC = YES;
				CLANG_ENABLE_OBJC_WEAK = YES;
				CLANG_WARN_BLOCK_CAPTURE_AUTORELEASING = YES;
				CLANG_WARN_BOOL_CONVERSION = YES;
				CLANG_WARN_COMMA = YES;
				CLANG_WARN_CONSTANT_CONVERSION = YES;
				CLANG_WARN_DEPRECATED_OBJC_IMPLEMENTATIONS = YES;
				CLANG_WARN_DIRECT_OBJC_ISA_USAGE = YES_ERROR;
				CLANG_WARN_DOCUMENTATION_COMMENTS = YES;
				CLANG_WARN_EMPTY_BODY = YES;
				CLANG_WARN_ENUM_CONVERSION = YES;
				CLANG_WARN_INFINITE_RECURSION = YES;
				CLANG_WARN_INT_CONVERSION = YES;
				CLANG_WARN_NON_LITERAL_NULL_CONVERSION = YES;
				CLANG_WARN_OBJC_IMPLICIT_RETAIN_SELF = YES;
				CLANG_WARN_OBJC_LITERAL_CONVERSION = YES;
				CLANG_WARN_OBJC_ROOT_CLASS = YES_ERROR;
				CLANG_WARN_QUOTED_INCLUDE_IN_FRAMEWORK_HEADER = YES;
				CLANG_WARN_RANGE_LOOP_ANALYSIS = YES;
				CLANG_WARN_STRICT_PROTOTYPES = YES;
				CLANG_WARN_SUSPICIOUS_MOVE = YES;
				CLANG_WARN_UNGUARDED_AVAILABILITY = YES_AGGRESSIVE;
				CLANG_WARN_UNREACHABLE_CODE = YES;
				CLANG_WARN__DUPLICATE_METHOD_MATCH = YES;
				COPY_PHASE_STRIP = NO;
				DEBUG_INFORMATION_FORMAT = "dwarf-with-dsym";
				ENABLE_NS_ASSERTIONS = NO;
				ENABLE_STRICT_OBJC_MSGSEND = YES;
				GCC_C_LANGUAGE_STANDARD = gnu11;
				GCC_NO_COMMON_BLOCKS = YES;
				GCC_WARN_64_TO_32_BIT_CONVERSION = YES;
				GCC_WARN_ABOUT_RETURN_TYPE = YES_ERROR;
				GCC_WARN_UNDECLARED_SELECTOR = YES;
				GCC_WARN_UNINITIALIZED_AUTOS = YES_AGGRESSIVE;
				GCC_WARN_UNUSED_FUNCTION = YES;
				GCC_WARN_UNUSED_VARIABLE = YES;
				IPHONEOS_DEPLOYMENT_TARGET = 16.2;
				MTL_ENABLE_DEBUG_INFO = NO;
				MTL_FAST_MATH = YES;
				SDKROOT = iphoneos;
				SWIFT_COMPILATION_MODE = wholemodule;
				SWIFT_OPTIMIZATION_LEVEL = "-O";
				VALIDATE_PRODUCT = YES;
			};
			name = Release;
		};
		DB19C7ED2AB2EA3400AF6F67 /* Debug */ = {
			isa = XCBuildConfiguration;
			buildSettings = {
				ASSETCATALOG_COMPILER_APPICON_NAME = AppIcon;
				ASSETCATALOG_COMPILER_GLOBAL_ACCENT_COLOR_NAME = AccentColor;
				CODE_SIGN_STYLE = Automatic;
				CURRENT_PROJECT_VERSION = 1;
				GENERATE_INFOPLIST_FILE = YES;
				INFOPLIST_FILE = ExamMate/Info.plist;
				INFOPLIST_KEY_UIApplicationSupportsIndirectInputEvents = YES;
				INFOPLIST_KEY_UILaunchStoryboardName = LaunchScreen;
				INFOPLIST_KEY_UISupportedInterfaceOrientations_iPad = "UIInterfaceOrientationPortrait UIInterfaceOrientationPortraitUpsideDown UIInterfaceOrientationLandscapeLeft UIInterfaceOrientationLandscapeRight";
				INFOPLIST_KEY_UISupportedInterfaceOrientations_iPhone = "UIInterfaceOrientationPortrait UIInterfaceOrientationLandscapeLeft UIInterfaceOrientationLandscapeRight";
				LD_RUNPATH_SEARCH_PATHS = (
					"$(inherited)",
					"@executable_path/Frameworks",
				);
				MARKETING_VERSION = 1.0;
				PRODUCT_BUNDLE_IDENTIFIER = com.umitsimsek.ExamMate;
				PRODUCT_NAME = "$(TARGET_NAME)";
				SWIFT_EMIT_LOC_STRINGS = YES;
				SWIFT_VERSION = 5.0;
				TARGETED_DEVICE_FAMILY = "1,2";
			};
			name = Debug;
		};
		DB19C7EE2AB2EA3400AF6F67 /* Release */ = {
			isa = XCBuildConfiguration;
			buildSettings = {
				ASSETCATALOG_COMPILER_APPICON_NAME = AppIcon;
				ASSETCATALOG_COMPILER_GLOBAL_ACCENT_COLOR_NAME = AccentColor;
				CODE_SIGN_STYLE = Automatic;
				CURRENT_PROJECT_VERSION = 1;
				GENERATE_INFOPLIST_FILE = YES;
				INFOPLIST_FILE = ExamMate/Info.plist;
				INFOPLIST_KEY_UIApplicationSupportsIndirectInputEvents = YES;
				INFOPLIST_KEY_UILaunchStoryboardName = LaunchScreen;
				INFOPLIST_KEY_UISupportedInterfaceOrientations_iPad = "UIInterfaceOrientationPortrait UIInterfaceOrientationPortraitUpsideDown UIInterfaceOrientationLandscapeLeft UIInterfaceOrientationLandscapeRight";
				INFOPLIST_KEY_UISupportedInterfaceOrientations_iPhone = "UIInterfaceOrientationPortrait UIInterfaceOrientationLandscapeLeft UIInterfaceOrientationLandscapeRight";
				LD_RUNPATH_SEARCH_PATHS = (
					"$(inherited)",
					"@executable_path/Frameworks",
				);
				MARKETING_VERSION = 1.0;
				PRODUCT_BUNDLE_IDENTIFIER = com.umitsimsek.ExamMate;
				PRODUCT_NAME = "$(TARGET_NAME)";
				SWIFT_EMIT_LOC_STRINGS = YES;
				SWIFT_VERSION = 5.0;
				TARGETED_DEVICE_FAMILY = "1,2";
			};
			name = Release;
		};
		DB19C7F02AB2EA3400AF6F67 /* Debug */ = {
			isa = XCBuildConfiguration;
			buildSettings = {
				ALWAYS_EMBED_SWIFT_STANDARD_LIBRARIES = YES;
				BUNDLE_LOADER = "$(TEST_HOST)";
				CODE_SIGN_STYLE = Automatic;
				CURRENT_PROJECT_VERSION = 1;
				GENERATE_INFOPLIST_FILE = YES;
				IPHONEOS_DEPLOYMENT_TARGET = 16.2;
				MARKETING_VERSION = 1.0;
				PRODUCT_BUNDLE_IDENTIFIER = com.umitsimsek.ExamMateTests;
				PRODUCT_NAME = "$(TARGET_NAME)";
				SWIFT_EMIT_LOC_STRINGS = NO;
				SWIFT_VERSION = 5.0;
				TARGETED_DEVICE_FAMILY = "1,2";
				TEST_HOST = "$(BUILT_PRODUCTS_DIR)/ExamMate.app/$(BUNDLE_EXECUTABLE_FOLDER_PATH)/ExamMate";
			};
			name = Debug;
		};
		DB19C7F12AB2EA3400AF6F67 /* Release */ = {
			isa = XCBuildConfiguration;
			buildSettings = {
				ALWAYS_EMBED_SWIFT_STANDARD_LIBRARIES = YES;
				BUNDLE_LOADER = "$(TEST_HOST)";
				CODE_SIGN_STYLE = Automatic;
				CURRENT_PROJECT_VERSION = 1;
				GENERATE_INFOPLIST_FILE = YES;
				IPHONEOS_DEPLOYMENT_TARGET = 16.2;
				MARKETING_VERSION = 1.0;
				PRODUCT_BUNDLE_IDENTIFIER = com.umitsimsek.ExamMateTests;
				PRODUCT_NAME = "$(TARGET_NAME)";
				SWIFT_EMIT_LOC_STRINGS = NO;
				SWIFT_VERSION = 5.0;
				TARGETED_DEVICE_FAMILY = "1,2";
				TEST_HOST = "$(BUILT_PRODUCTS_DIR)/ExamMate.app/$(BUNDLE_EXECUTABLE_FOLDER_PATH)/ExamMate";
			};
			name = Release;
		};
		DB19C7F32AB2EA3400AF6F67 /* Debug */ = {
			isa = XCBuildConfiguration;
			buildSettings = {
				ALWAYS_EMBED_SWIFT_STANDARD_LIBRARIES = YES;
				CODE_SIGN_STYLE = Automatic;
				CURRENT_PROJECT_VERSION = 1;
				GENERATE_INFOPLIST_FILE = YES;
				MARKETING_VERSION = 1.0;
				PRODUCT_BUNDLE_IDENTIFIER = com.umitsimsek.ExamMateUITests;
				PRODUCT_NAME = "$(TARGET_NAME)";
				SWIFT_EMIT_LOC_STRINGS = NO;
				SWIFT_VERSION = 5.0;
				TARGETED_DEVICE_FAMILY = "1,2";
				TEST_TARGET_NAME = ExamMate;
			};
			name = Debug;
		};
		DB19C7F42AB2EA3400AF6F67 /* Release */ = {
			isa = XCBuildConfiguration;
			buildSettings = {
				ALWAYS_EMBED_SWIFT_STANDARD_LIBRARIES = YES;
				CODE_SIGN_STYLE = Automatic;
				CURRENT_PROJECT_VERSION = 1;
				GENERATE_INFOPLIST_FILE = YES;
				MARKETING_VERSION = 1.0;
				PRODUCT_BUNDLE_IDENTIFIER = com.umitsimsek.ExamMateUITests;
				PRODUCT_NAME = "$(TARGET_NAME)";
				SWIFT_EMIT_LOC_STRINGS = NO;
				SWIFT_VERSION = 5.0;
				TARGETED_DEVICE_FAMILY = "1,2";
				TEST_TARGET_NAME = ExamMate;
			};
			name = Release;
		};
/* End XCBuildConfiguration section */

/* Begin XCConfigurationList section */
		DB19C7BD2AB2EA3300AF6F67 /* Build configuration list for PBXProject "ExamMate" */ = {
			isa = XCConfigurationList;
			buildConfigurations = (
				DB19C7EA2AB2EA3400AF6F67 /* Debug */,
				DB19C7EB2AB2EA3400AF6F67 /* Release */,
			);
			defaultConfigurationIsVisible = 0;
			defaultConfigurationName = Release;
		};
		DB19C7EC2AB2EA3400AF6F67 /* Build configuration list for PBXNativeTarget "ExamMate" */ = {
			isa = XCConfigurationList;
			buildConfigurations = (
				DB19C7ED2AB2EA3400AF6F67 /* Debug */,
				DB19C7EE2AB2EA3400AF6F67 /* Release */,
			);
			defaultConfigurationIsVisible = 0;
			defaultConfigurationName = Release;
		};
		DB19C7EF2AB2EA3400AF6F67 /* Build configuration list for PBXNativeTarget "ExamMateTests" */ = {
			isa = XCConfigurationList;
			buildConfigurations = (
				DB19C7F02AB2EA3400AF6F67 /* Debug */,
				DB19C7F12AB2EA3400AF6F67 /* Release */,
			);
			defaultConfigurationIsVisible = 0;
			defaultConfigurationName = Release;
		};
		DB19C7F22AB2EA3400AF6F67 /* Build configuration list for PBXNativeTarget "ExamMateUITests" */ = {
			isa = XCConfigurationList;
			buildConfigurations = (
				DB19C7F32AB2EA3400AF6F67 /* Debug */,
				DB19C7F42AB2EA3400AF6F67 /* Release */,
			);
			defaultConfigurationIsVisible = 0;
			defaultConfigurationName = Release;
		};
/* End XCConfigurationList section */
	};
	rootObject = DB19C7BA2AB2EA3300AF6F67 /* Project object */;
}
